
Microsoft Visual Studio Solution File, Format Version 12.00
# Visual Studio 15
VisualStudioVersion = 15.0.28307.1800
MinimumVisualStudioVersion = 10.0.40219.1
Project("{FAE04EC0-301F-11D3-BF4B-00C04F79EFBC}") = "UC", "UC\UC.csproj", "{6F435234-7AB7-49EA-BC43-A9ACF4E3A5D9}"
EndProject
Global
	GlobalSection(SolutionConfigurationPlatforms) = preSolution
		Debug|Any CPU = Debug|Any CPU
		Release|Any CPU = Release|Any CPU
	EndGlobalSection
	GlobalSection(ProjectConfigurationPlatforms) = postSolution
		{6F435234-7AB7-49EA-BC43-A9ACF4E3A5D9}.Debug|Any CPU.ActiveCfg = Debug|Any CPU
		{6F435234-7AB7-49EA-BC43-A9ACF4E3A5D9}.Debug|Any CPU.Build.0 = Debug|Any CPU
		{6F435234-7AB7-49EA-BC43-A9ACF4E3A5D9}.Release|Any CPU.ActiveCfg = Release|Any CPU
		{6F435234-7AB7-49EA-BC43-A9ACF4E3A5D9}.Release|Any CPU.Build.0 = Release|Any CPU
	EndGlobalSection
	GlobalSection(SolutionProperties) = preSolution
		HideSolutionNode = FALSE
	EndGlobalSection
	GlobalSection(ExtensibilityGlobals) = postSolution
		SolutionGuid = {F186A4B9-F4ED-41AE-9718-BA21BAE2BA4A}
	EndGlobalSection
EndGlobal
